{
  "requires": true,
  "lockfileVersion": 1,
  "dependencies": {
    "sweetalert2": {
      "version": "9.3.13",
      "resolved": "https://registry.npmjs.org/sweetalert2/-/sweetalert2-9.3.13.tgz",
      "integrity": "sha512-tj2Z+Bi52HMDT0x3WVTaFurnc+jY5/xcnRlbxtsG+RrjDRQdp+0mtUSMg7PhPS6vyzUXbCL5EdyiwzK/mGUIlQ=="
    }
  }
}
